
Microsoft Visual Studio Solution File, Format Version 12.00
# Visual Studio Version 16
VisualStudioVersion = 16.0.29920.165
MinimumVisualStudioVersion = 10.0.40219.1
Project("{FAE04EC0-301F-11D3-BF4B-00C04F79EFBC}") = "GunAttachmentStore", "GunAttachmentStore.csproj", "{73F0786E-BB37-4143-B697-ED1C8B9EA103}"
EndProject
Global
	GlobalSection(SolutionConfigurationPlatforms) = preSolution
		Debug|Any CPU = Debug|Any CPU
		Release|Any CPU = Release|Any CPU
	EndGlobalSection
	GlobalSection(ProjectConfigurationPlatforms) = postSolution
		{73F0786E-BB37-4143-B697-ED1C8B9EA103}.Debug|Any CPU.ActiveCfg = Debug|Any CPU
		{73F0786E-BB37-4143-B697-ED1C8B9EA103}.Debug|Any CPU.Build.0 = Debug|Any CPU
		{73F0786E-BB37-4143-B697-ED1C8B9EA103}.Release|Any CPU.ActiveCfg = Release|Any CPU
		{73F0786E-BB37-4143-B697-ED1C8B9EA103}.Release|Any CPU.Build.0 = Release|Any CPU
	EndGlobalSection
	GlobalSection(SolutionProperties) = preSolution
		HideSolutionNode = FALSE
	EndGlobalSection
	GlobalSection(ExtensibilityGlobals) = postSolution
		SolutionGuid = {1FFCFD8C-1AC2-42B2-88E9-8368CFE65077}
	EndGlobalSection
EndGlobal
